
Microsoft Visual Studio Solution File, Format Version 12.00
# Visual Studio Version 17
VisualStudioVersion = 17.5.33516.290
MinimumVisualStudioVersion = 10.0.40219.1
Project("{FAE04EC0-301F-11D3-BF4B-00C04F79EFBC}") = "FullStackAPI", "FullStackAPI\FullStackAPI.csproj", "{DCD2D74F-7638-4A8B-9A8E-06CE27C9078F}"
EndProject
Global
	GlobalSection(SolutionConfigurationPlatforms) = preSolution
		Debug|Any CPU = Debug|Any CPU
		Release|Any CPU = Release|Any CPU
	EndGlobalSection
	GlobalSection(ProjectConfigurationPlatforms) = postSolution
		{DCD2D74F-7638-4A8B-9A8E-06CE27C9078F}.Debug|Any CPU.ActiveCfg = Debug|Any CPU
		{DCD2D74F-7638-4A8B-9A8E-06CE27C9078F}.Debug|Any CPU.Build.0 = Debug|Any CPU
		{DCD2D74F-7638-4A8B-9A8E-06CE27C9078F}.Release|Any CPU.ActiveCfg = Release|Any CPU
		{DCD2D74F-7638-4A8B-9A8E-06CE27C9078F}.Release|Any CPU.Build.0 = Release|Any CPU
	EndGlobalSection
	GlobalSection(SolutionProperties) = preSolution
		HideSolutionNode = FALSE
	EndGlobalSection
	GlobalSection(ExtensibilityGlobals) = postSolution
		SolutionGuid = {565C05A7-C5C1-4593-AB74-B4052337C8E7}
	EndGlobalSection
EndGlobal
